
Microsoft Visual Studio Solution File, Format Version 12.00
# Visual Studio Version 16
VisualStudioVersion = 16.0.29806.167
MinimumVisualStudioVersion = 10.0.40219.1
Project("{9A19103F-16F7-4668-BE54-9A1E7A4F7556}") = "Figury", "Figury\Figury.csproj", "{5691292C-07DA-4550-8EFE-4B5D9889152F}"
EndProject
Project("{9A19103F-16F7-4668-BE54-9A1E7A4F7556}") = "Bank", "Bank\Bank.csproj", "{C7E74679-F844-4F09-8D96-56CDB8C9626C}"
EndProject
Global
	GlobalSection(SolutionConfigurationPlatforms) = preSolution
		Debug|Any CPU = Debug|Any CPU
		Release|Any CPU = Release|Any CPU
	EndGlobalSection
	GlobalSection(ProjectConfigurationPlatforms) = postSolution
		{5691292C-07DA-4550-8EFE-4B5D9889152F}.Debug|Any CPU.ActiveCfg = Debug|Any CPU
		{5691292C-07DA-4550-8EFE-4B5D9889152F}.Debug|Any CPU.Build.0 = Debug|Any CPU
		{5691292C-07DA-4550-8EFE-4B5D9889152F}.Release|Any CPU.ActiveCfg = Release|Any CPU
		{5691292C-07DA-4550-8EFE-4B5D9889152F}.Release|Any CPU.Build.0 = Release|Any CPU
		{C7E74679-F844-4F09-8D96-56CDB8C9626C}.Debug|Any CPU.ActiveCfg = Debug|Any CPU
		{C7E74679-F844-4F09-8D96-56CDB8C9626C}.Debug|Any CPU.Build.0 = Debug|Any CPU
		{C7E74679-F844-4F09-8D96-56CDB8C9626C}.Release|Any CPU.ActiveCfg = Release|Any CPU
		{C7E74679-F844-4F09-8D96-56CDB8C9626C}.Release|Any CPU.Build.0 = Release|Any CPU
	EndGlobalSection
	GlobalSection(SolutionProperties) = preSolution
		HideSolutionNode = FALSE
	EndGlobalSection
	GlobalSection(ExtensibilityGlobals) = postSolution
		SolutionGuid = {21E4A3E6-A773-4B35-92BF-73EEA963C6E2}
	EndGlobalSection
EndGlobal
